
Microsoft Visual Studio Solution File, Format Version 12.00
# Visual Studio Version 16
VisualStudioVersion = 16.0.31729.503
MinimumVisualStudioVersion = 10.0.40219.1
Project("{FAE04EC0-301F-11D3-BF4B-00C04F79EFBC}") = "ComparadorDeMatriz", "ComparadorDeMatriz.csproj", "{0C5F869A-8DE4-4AEA-BE4F-D7F7CDFAB996}"
EndProject
Global
	GlobalSection(SolutionConfigurationPlatforms) = preSolution
		Debug|Any CPU = Debug|Any CPU
		Release|Any CPU = Release|Any CPU
	EndGlobalSection
	GlobalSection(ProjectConfigurationPlatforms) = postSolution
		{0C5F869A-8DE4-4AEA-BE4F-D7F7CDFAB996}.Debug|Any CPU.ActiveCfg = Debug|Any CPU
		{0C5F869A-8DE4-4AEA-BE4F-D7F7CDFAB996}.Debug|Any CPU.Build.0 = Debug|Any CPU
		{0C5F869A-8DE4-4AEA-BE4F-D7F7CDFAB996}.Release|Any CPU.ActiveCfg = Release|Any CPU
		{0C5F869A-8DE4-4AEA-BE4F-D7F7CDFAB996}.Release|Any CPU.Build.0 = Release|Any CPU
	EndGlobalSection
	GlobalSection(SolutionProperties) = preSolution
		HideSolutionNode = FALSE
	EndGlobalSection
	GlobalSection(ExtensibilityGlobals) = postSolution
		SolutionGuid = {AF733763-4256-4925-A35B-E6E702B52DCA}
	EndGlobalSection
EndGlobal
